
Microsoft Visual Studio Solution File, Format Version 12.00
# Visual Studio Version 16
VisualStudioVersion = 16.0.32929.386
MinimumVisualStudioVersion = 10.0.40219.1
Project("{FAE04EC0-301F-11D3-BF4B-00C04F79EFBC}") = "WebApiPerson", "WebApiPerson.csproj", "{D674417A-9E31-4DDA-8112-710F4B540776}"
EndProject
Global
	GlobalSection(SolutionConfigurationPlatforms) = preSolution
		Debug|Any CPU = Debug|Any CPU
		Release|Any CPU = Release|Any CPU
	EndGlobalSection
	GlobalSection(ProjectConfigurationPlatforms) = postSolution
		{D674417A-9E31-4DDA-8112-710F4B540776}.Debug|Any CPU.ActiveCfg = Debug|Any CPU
		{D674417A-9E31-4DDA-8112-710F4B540776}.Debug|Any CPU.Build.0 = Debug|Any CPU
		{D674417A-9E31-4DDA-8112-710F4B540776}.Release|Any CPU.ActiveCfg = Release|Any CPU
		{D674417A-9E31-4DDA-8112-710F4B540776}.Release|Any CPU.Build.0 = Release|Any CPU
	EndGlobalSection
	GlobalSection(SolutionProperties) = preSolution
		HideSolutionNode = FALSE
	EndGlobalSection
	GlobalSection(ExtensibilityGlobals) = postSolution
		SolutionGuid = {21B3C080-2D82-491B-BE59-1E85043F278B}
	EndGlobalSection
EndGlobal
